Microsoft Visual Studio Solution File, Format Version 12.00
# Visual Studio Version 17
VisualStudioVersion = 17.5.2.0
MinimumVisualStudioVersion = 10.0.40219.1
Project("{FAE04EC0-301F-11D3-BF4B-00C04F79EFBC}") = "AuthSystem.Api", "AuthSystem.Api\AuthSystem.Api.csproj", "{F89CF17F-14B2-1026-7379-0ABE4CD3C51B}"
EndProject
Global
	GlobalSection(SolutionConfigurationPlatforms) = preSolution
		Debug|Any CPU = Debug|Any CPU
		Release|Any CPU = Release|Any CPU
	EndGlobalSection
	GlobalSection(ProjectConfigurationPlatforms) = postSolution
		{F89CF17F-14B2-1026-7379-0ABE4CD3C51B}.Debug|Any CPU.ActiveCfg = Debug|Any CPU
		{F89CF17F-14B2-1026-7379-0ABE4CD3C51B}.Debug|Any CPU.Build.0 = Debug|Any CPU
		{F89CF17F-14B2-1026-7379-0ABE4CD3C51B}.Release|Any CPU.ActiveCfg = Release|Any CPU
		{F89CF17F-14B2-1026-7379-0ABE4CD3C51B}.Release|Any CPU.Build.0 = Release|Any CPU
	EndGlobalSection
	GlobalSection(SolutionProperties) = preSolution
		HideSolutionNode = FALSE
	EndGlobalSection
	GlobalSection(ExtensibilityGlobals) = postSolution
		SolutionGuid = {77ADB1F0-E44A-4D5E-AACA-041ABCE49AF2}
	EndGlobalSection
EndGlobal
